// !$*UTF8*$!
{
	archiveVersion = 1;
	classes = {
	};
	objectVersion = 50;
	objects = {

/* Begin PBXBuildFile section */
		C50089FB23191F3D00DDB3D9 /* AppDelegate.swift in Sources */ = {isa = PBXBuildFile; fileRef = C50089FA23191F3D00DDB3D9 /* AppDelegate.swift */; };
		C50089FD23191F3D00DDB3D9 /* ViewController.swift in Sources */ = {isa = PBXBuildFile; fileRef = C50089FC23191F3D00DDB3D9 /* ViewController.swift */; };
		C5008A0023191F3D00DDB3D9 /* Main.storyboard in Resources */ = {isa = PBXBuildFile; fileRef = C50089FE23191F3D00DDB3D9 /* Main.storyboard */; };
		C5008A0223191F4500DDB3D9 /* Assets.xcassets in Resources */ = {isa = PBXBuildFile; fileRef = C5008A0123191F4500DDB3D9 /* Assets.xcassets */; };
		C5008A0523191F4500DDB3D9 /* LaunchScreen.storyboard in Resources */ = {isa = PBXBuildFile; fileRef = C5008A0323191F4500DDB3D9 /* LaunchScreen.storyboard */; };
/* End PBXBuildFile section */

/* Begin PBXFileReference section */
		C50089F723191F3D00DDB3D9 /* Roll-On-Shake-On.app */ = {isa = PBXFileReference; explicitFileType = wrapper.application; includeInIndex = 0; path = "Roll-On-Shake-On.app"; sourceTree = BUILT_PRODUCTS_DIR; };
		C50089FA23191F3D00DDB3D9 /* AppDelegate.swift */ = {isa = PBXFileReference; lastKnownFileType = sourcecode.swift; path = AppDelegate.swift; sourceTree = "<group>"; };
		C50089FC23191F3D00DDB3D9 /* ViewController.swift */ = {isa = PBXFileReference; lastKnownFileType = sourcecode.swift; path = ViewController.swift; sourceTree = "<group>"; };
		C50089FF23191F3D00DDB3D9 /* Base */ = {isa = PBXFileReference; lastKnownFileType = file.storyboard; name = Base; path = Base.lproj/Main.storyboard; sourceTree = "<group>"; };
		C5008A0123191F4500DDB3D9 /* Assets.xcassets */ = {isa = PBXFileReference; lastKnownFileType = folder.assetcatalog; path = Assets.xcassets; sourceTree = "<group>"; };
		C5008A0423191F4500DDB3D9 /* Base */ = {isa = PBXFileReference; lastKnownFileType = file.storyboard; name = Base; path = Base.lproj/LaunchScreen.storyboard; sourceTree = "<group>"; };
		C5008A0623191F4500DDB3D9 /* Info.plist */ = {isa = PBXFileReference; lastKnownFileType = text.plist.xml; path = Info.plist; sourceTree = "<group>"; };
/* End PBXFileReference section */

/* Begin PBXFrameworksBuildPhase section */
		C50089F423191F3D00DDB3D9 /* Frameworks */ = {
			isa = PBXFrameworksBuildPhase;
			buildActionMask = 2147483647;
			files = (
			);
			runOnlyForDeploymentPostprocessing = 0;
		};
/* End PBXFrameworksBuildPhase section */

/* Begin PBXGroup section */
		C50089EE23191F3D00DDB3D9 = {
			isa = PBXGroup;
			children = (
				C50089F923191F3D00DDB3D9 /* Roll-On-Shake-On */,
				C50089F823191F3D00DDB3D9 /* Products */,
			);
			sourceTree = "<group>";
		};
		C50089F823191F3D00DDB3D9 /* Products */ = {
			isa = PBXGroup;
			children = (
				C50089F723191F3D00DDB3D9 /* Roll-On-Shake-On.app */,
			);
			name = Products;
			sourceTree = "<group>";
		};
		C50089F923191F3D00DDB3D9 /* Roll-On-Shake-On */ = {
			isa = PBXGroup;
			children = (
				C50089FA23191F3D00DDB3D9 /* AppDelegate.swift */,
				C50089FC23191F3D00DDB3D9 /* ViewController.swift */,
				C50089FE23191F3D00DDB3D9 /* Main.storyboard */,
				C5008A0123191F4500DDB3D9 /* Assets.xcassets */,
				C5008A0323191F4500DDB3D9 /* LaunchScreen.storyboard */,
				C5008A0623191F4500DDB3D9 /* Info.plist */,
			);
			path = "Roll-On-Shake-On";
			sourceTree = "<group>";
		};
/* End PBXGroup section */

/* Begin PBXNativeTarget section */
		C50089F623191F3D00DDB3D9 /* Roll-On-Shake-On */ = {
			isa = PBXNativeTarget;
			buildConfigurationList = C5008A0923191F4500DDB3D9 /* Build configuration list for PBXNativeTarget "Roll-On-Shake-On" */;
			buildPhases = (
				C50089F323191F3D00DDB3D9 /* Sources */,
				C50089F423191F3D00DDB3D9 /* Frameworks */,
				C50089F523191F3D00DDB3D9 /* Resources */,
			);
			buildRules = (
			);
			dependencies = (
			);
			name = "Roll-On-Shake-On";
			productName = "Roll-On-Shake-On";
			productReference = C50089F723191F3D00DDB3D9 /* Roll-On-Shake-On.app */;
			productType = "com.apple.product-type.application";
		};
/* End PBXNativeTarget section */

/* Begin PBXProject section */
		C50089EF23191F3D00DDB3D9 /* Project object */ = {
			isa = PBXProject;
			attributes = {
				LastSwiftUpdateCheck = 1030;
				LastUpgradeCheck = 1030;
				ORGANIZATIONNAME = Sau;
				TargetAttributes = {
					C50089F623191F3D00DDB3D9 = {
						CreatedOnToolsVersion = 10.3;
					};
				};
			};
			buildConfigurationList = C50089F223191F3D00DDB3D9 /* Build configuration list for PBXProject "Roll-On-Shake-On" */;
			compatibilityVersion = "Xcode 9.3";
			developmentRegion = en;
			hasScannedForEncodings = 0;
			knownRegions = (
				en,
				Base,
			);
			mainGroup = C50089EE23191F3D00DDB3D9;
			productRefGroup = C50089F823191F3D00DDB3D9 /* Products */;
			projectDirPath = "";
			projectRoot = "";
			targets = (
				C50089F623191F3D00DDB3D9 /* Roll-On-Shake-On */,
			);
		};
/* End PBXProject section */

/* Begin PBXResourcesBuildPhase section */
		C50089F523191F3D00DDB3D9 /* Resources */ = {
			isa = PBXResourcesBuildPhase;
			buildActionMask = 2147483647;
			files = (
				C5008A0523191F4500DDB3D9 /* LaunchScreen.storyboard in Resources */,
				C5008A0223191F4500DDB3D9 /* Assets.xcassets in Resources */,
				C5008A0023191F3D00DDB3D9 /* Main.storyboard in Resources */,
			);
			runOnlyForDeploymentPostprocessing = 0;
		};
/* End PBXResourcesBuildPhase section */

/* Begin PBXSourcesBuildPhase section */
		C50089F323191F3D00DDB3D9 /* Sources */ = {
			isa = PBXSourcesBuildPhase;
			buildActionMask = 2147483647;
			files = (
				C50089FD23191F3D00DDB3D9 /* ViewController.swift in Sources */,
				C50089FB23191F3D00DDB3D9 /* AppDelegate.swift in Sources */,
			);
			runOnlyForDeploymentPostprocessing = 0;
		};
/* End PBXSourcesBuildPhase section */

/* Begin PBXVariantGroup section */
		C50089FE23191F3D00DDB3D9 /* Main.storyboard */ = {
			isa = PBXVariantGroup;
			children = (
				C50089FF23191F3D00DDB3D9 /* Base */,
			);
			name = Main.storyboard;
			sourceTree = "<group>";
		};
		C5008A0323191F4500DDB3D9 /* LaunchScreen.storyboard */ = {
			isa = PBXVariantGroup;
			children = (
				C5008A0423191F4500DDB3D9 /* Base */,
			);
			name = LaunchScreen.storyboard;
			sourceTree = "<group>";
		};
/* End PBXVariantGroup section */

/* Begin XCBuildConfiguration section */
		C5008A0723191F4500DDB3D9 /* Debug */ = {
			isa = XCBuildConfiguration;
			buildSettings = {
				ALWAYS_SEARCH_USER_PATHS = NO;
				CLANG_ANALYZER_NONNULL = YES;
				CLANG_ANALYZER_NUMBER_OBJECT_CONVERSION = YES_AGGRESSIVE;
				CLANG_CXX_LANGUAGE_STANDARD = "gnu++14";
				CLANG_CXX_LIBRARY = "libc++";
				CLANG_ENABLE_MODULES = YES;
				CLANG_ENABLE_OBJC_ARC = YES;
				CLANG_ENABLE_OBJC_WEAK = YES;
				CLANG_WARN_BLOCK_CAPTURE_AUTORELEASING = YES;
				CLANG_WARN_BOOL_CONVERSION = YES;
				CLANG_WARN_COMMA = YES;
				CLANG_WARN_CONSTANT_CONVERSION = YES;
				CLANG_WARN_DEPRECATED_OBJC_IMPLEMENTATIONS = YES;
				CLANG_WARN_DIRECT_OBJC_ISA_USAGE = YES_ERROR;
				CLANG_WARN_DOCUMENTATION_COMMENTS = YES;
				CLANG_WARN_EMPTY_BODY = YES;
				CLANG_WARN_ENUM_CONVERSION = YES;
				CLANG_WARN_INFINITE_RECURSION = YES;
				CLANG_WARN_INT_CONVERSION = YES;
				CLANG_WARN_NON_LITERAL_NULL_CONVERSION = YES;
				CLANG_WARN_OBJC_IMPLICIT_RETAIN_SELF = YES;
				CLANG_WARN_OBJC_LITERAL_CONVERSION = YES;
				CLANG_WARN_OBJC_ROOT_CLASS = YES_ERROR;
				CLANG_WARN_RANGE_LOOP_ANALYSIS = YES;
				CLANG_WARN_STRICT_PROTOTYPES = YES;
				CLANG_WARN_SUSPICIOUS_MOVE = YES;
				CLANG_WARN_UNGUARDED_AVAILABILITY = YES_AGGRESSIVE;
				CLANG_WARN_UNREACHABLE_CODE = YES;
				CLANG_WARN__DUPLICATE_METHOD_MATCH = YES;
				CODE_SIGN_IDENTITY = "iPhone Developer";
				COPY_PHASE_STRIP = NO;
				DEBUG_INFORMATION_FORMAT = dwarf;
				ENABLE_STRICT_OBJC_MSGSEND = YES;
				ENABLE_TESTABILITY = YES;
				GCC_C_LANGUAGE_STANDARD = gnu11;
				GCC_DYNAMIC_NO_PIC = NO;
				GCC_NO_COMMON_BLOCKS = YES;
				GCC_OPTIMIZATION_LEVEL = 0;
				GCC_PREPROCESSOR_DEFINITIONS = (
					"DEBUG=1",
					"$(inherited)",
				);
				GCC_WARN_64_TO_32_BIT_CONVERSION = YES;
				GCC_WARN_ABOUT_RETURN_TYPE = YES_ERROR;
				GCC_WARN_UNDECLARED_SELECTOR = YES;
				GCC_WARN_UNINITIALIZED_AUTOS = YES_AGGRESSIVE;
				GCC_WARN_UNUSED_FUNCTION = YES;
				GCC_WARN_UNUSED_VARIABLE = YES;
				IPHONEOS_DEPLOYMENT_TARGET = 12.4;
				MTL_ENABLE_DEBUG_INFO = INCLUDE_SOURCE;
				MTL_FAST_MATH = YES;
				ONLY_ACTIVE_ARCH = YES;
				SDKROOT = iphoneos;
				SWIFT_ACTIVE_COMPILATION_CONDITIONS = DEBUG;
				SWIFT_OPTIMIZATION_LEVEL = "-Onone";
			};
			name = Debug;
		};
		C5008A0823191F4500DDB3D9 /* Release */ = {
			isa = XCBuildConfiguration;
			buildSettings = {
				ALWAYS_SEARCH_USER_PATHS = NO;
				CLANG_ANALYZER_NONNULL = YES;
				CLANG_ANALYZER_NUMBER_OBJECT_CONVERSION = YES_AGGRESSIVE;
				CLANG_CXX_LANGUAGE_STANDARD = "gnu++14";
				CLANG_CXX_LIBRARY = "libc++";
				CLANG_ENABLE_MODULES = YES;
				CLANG_ENABLE_OBJC_ARC = YES;
				CLANG_ENABLE_OBJC_WEAK = YES;
				CLANG_WARN_BLOCK_CAPTURE_AUTORELEASING = YES;
				CLANG_WARN_BOOL_CONVERSION = YES;
				CLANG_WARN_COMMA = YES;
				CLANG_WARN_CONSTANT_CONVERSION = YES;
				CLANG_WARN_DEPRECATED_OBJC_IMPLEMENTATIONS = YES;
				CLANG_WARN_DIRECT_OBJC_ISA_USAGE = YES_ERROR;
				CLANG_WARN_DOCUMENTATION_COMMENTS = YES;
				CLANG_WARN_EMPTY_BODY = YES;
				CLANG_WARN_ENUM_CONVERSION = YES;
				CLANG_WARN_INFINITE_RECURSION = YES;
				CLANG_WARN_INT_CONVERSION = YES;
				CLANG_WARN_NON_LITERAL_NULL_CONVERSION = YES;
				CLANG_WARN_OBJC_IMPLICIT_RETAIN_SELF = YES;
				CLANG_WARN_OBJC_LITERAL_CONVERSION = YES;
				CLANG_WARN_OBJC_ROOT_CLASS = YES_ERROR;
				CLANG_WARN_RANGE_LOOP_ANALYSIS = YES;
				CLANG_WARN_STRICT_PROTOTYPES = YES;
				CLANG_WARN_SUSPICIOUS_MOVE = YES;
				CLANG_WARN_UNGUARDED_AVAILABILITY = YES_AGGRESSIVE;
				CLANG_WARN_UNREACHABLE_CODE = YES;
				CLANG_WARN__DUPLICATE_METHOD_MATCH = YES;
				CODE_SIGN_IDENTITY = "iPhone Developer";
				COPY_PHASE_STRIP = NO;
				DEBUG_INFORMATION_FORMAT = "dwarf-with-dsym";
				ENABLE_NS_ASSERTIONS = NO;
				ENABLE_STRICT_OBJC_MSGSEND = YES;
				GCC_C_LANGUAGE_STANDARD = gnu11;
				GCC_NO_COMMON_BLOCKS = YES;
				GCC_WARN_64_TO_32_BIT_CONVERSION = YES;
				GCC_WARN_ABOUT_RETURN_TYPE = YES_ERROR;
				GCC_WARN_UNDECLARED_SELECTOR = YES;
				GCC_WARN_UNINITIALIZED_AUTOS = YES_AGGRESSIVE;
				GCC_WARN_UNUSED_FUNCTION = YES;
				GCC_WARN_UNUSED_VARIABLE = YES;
				IPHONEOS_DEPLOYMENT_TARGET = 12.4;
				MTL_ENABLE_DEBUG_INFO = NO;
				MTL_FAST_MATH = YES;
				SDKROOT = iphoneos;
				SWIFT_COMPILATION_MODE = wholemodule;
				SWIFT_OPTIMIZATION_LEVEL = "-O";
				VALIDATE_PRODUCT = YES;
			};
			name = Release;
		};
		C5008A0A23191F4500DDB3D9 /* Debug */ = {
			isa = XCBuildConfiguration;
			buildSettings = {
				ASSETCATALOG_COMPILER_APPICON_NAME = AppIcon;
				CODE_SIGN_STYLE = Automatic;
				DEVELOPMENT_TEAM = AQRQF994YY;
				INFOPLIST_FILE = "Roll-On-Shake-On/Info.plist";
				LD_RUNPATH_SEARCH_PATHS = (
					"$(inherited)",
					"@executable_path/Frameworks",
				);
				PRODUCT_BUNDLE_IDENTIFIER = "arzey.Roll-On-Shake-On";
				PRODUCT_NAME = "$(TARGET_NAME)";
				SWIFT_VERSION = 5.0;
				TARGETED_DEVICE_FAMILY = "1,2";
			};
			name = Debug;
		};
		C5008A0B23191F4500DDB3D9 /* Release */ = {
			isa = XCBuildConfiguration;
			buildSettings = {
				ASSETCATALOG_COMPILER_APPICON_NAME = AppIcon;
				CODE_SIGN_STYLE = Automatic;
				DEVELOPMENT_TEAM = AQRQF994YY;
				INFOPLIST_FILE = "Roll-On-Shake-On/Info.plist";
				LD_RUNPATH_SEARCH_PATHS = (
					"$(inherited)",
					"@executable_path/Frameworks",
				);
				PRODUCT_BUNDLE_IDENTIFIER = "arzey.Roll-On-Shake-On";
				PRODUCT_NAME = "$(TARGET_NAME)";
				SWIFT_VERSION = 5.0;
				TARGETED_DEVICE_FAMILY = "1,2";
			};
			name = Release;
		};
/* End XCBuildConfiguration section */

/* Begin XCConfigurationList section */
		C50089F223191F3D00DDB3D9 /* Build configuration list for PBXProject "Roll-On-Shake-On" */ = {
			isa = XCConfigurationList;
			buildConfigurations = (
				C5008A0723191F4500DDB3D9 /* Debug */,
				C5008A0823191F4500DDB3D9 /* Release */,
			);
			defaultConfigurationIsVisible = 0;
			defaultConfigurationName = Release;
		};
		C5008A0923191F4500DDB3D9 /* Build configuration list for PBXNativeTarget "Roll-On-Shake-On" */ = {
			isa = XCConfigurationList;
			buildConfigurations = (
				C5008A0A23191F4500DDB3D9 /* Debug */,
				C5008A0B23191F4500DDB3D9 /* Release */,
			);
			defaultConfigurationIsVisible = 0;
			defaultConfigurationName = Release;
		};
/* End XCConfigurationList section */
	};
	rootObject = C50089EF23191F3D00DDB3D9 /* Project object */;
}
